uuid: d530f513-c4cc-42f6-b86f-f58f68648a9b
langcode: en
status: true
dependencies:
  content:
    - 'block_content:basic:5c0b9101-f5fd-4533-aaaa-543dfdd30e0d'
  module:
    - block_content
    - node
  theme:
    - olivero
id: customopeninghoursblock
theme: olivero
region: sidebar
weight: 0
provider: null
plugin: 'block_content:5c0b9101-f5fd-4533-aaaa-543dfdd30e0d'
settings:
  id: 'block_content:5c0b9101-f5fd-4533-aaaa-543dfdd30e0d'
  label: 'Opening Hours'
  label_display: visible
  provider: block_content
  status: true
  info: ''
  view_mode: full
visibility:
  'entity_bundle:node':
    id: 'entity_bundle:node'
    negate: false
    context_mapping:
      node: '@node.node_route_context:node'
    bundles:
      gym: gym
